
Microsoft Visual Studio Solution File, Format Version 12.00
# Visual Studio Version 16
VisualStudioVersion = 16.0.31129.286
MinimumVisualStudioVersion = 10.0.40219.1
Project("{FAE04EC0-301F-11D3-BF4B-00C04F79EFBC}") = "SpecFlowProject2", "SpecFlowProject2\SpecFlowProject2.csproj", "{1A215F4B-E9FB-42DF-A0FC-BD1AF58EDF55}"
EndProject
Global
	GlobalSection(SolutionConfigurationPlatforms) = preSolution
		Debug|Any CPU = Debug|Any CPU
		Release|Any CPU = Release|Any CPU
	EndGlobalSection
	GlobalSection(ProjectConfigurationPlatforms) = postSolution
		{1A215F4B-E9FB-42DF-A0FC-BD1AF58EDF55}.Debug|Any CPU.ActiveCfg = Debug|Any CPU
		{1A215F4B-E9FB-42DF-A0FC-BD1AF58EDF55}.Debug|Any CPU.Build.0 = Debug|Any CPU
		{1A215F4B-E9FB-42DF-A0FC-BD1AF58EDF55}.Release|Any CPU.ActiveCfg = Release|Any CPU
		{1A215F4B-E9FB-42DF-A0FC-BD1AF58EDF55}.Release|Any CPU.Build.0 = Release|Any CPU
	EndGlobalSection
	GlobalSection(SolutionProperties) = preSolution
		HideSolutionNode = FALSE
	EndGlobalSection
	GlobalSection(ExtensibilityGlobals) = postSolution
		SolutionGuid = {F114C630-2CD7-4EE4-969C-C58232BD9FD3}
	EndGlobalSection
EndGlobal
